
Microsoft Visual Studio Solution File, Format Version 12.00
# Visual Studio Version 16
VisualStudioVersion = 16.0.31005.135
MinimumVisualStudioVersion = 10.0.40219.1
Project("{9A19103F-16F7-4668-BE54-9A1E7A4F7556}") = "WeAR", "WeAR\WeAR.csproj", "{121A49BC-4EC6-4BF6-A8E6-B72F773EF479}"
EndProject
Global
	GlobalSection(SolutionConfigurationPlatforms) = preSolution
		Debug|Any CPU = Debug|Any CPU
		Release|Any CPU = Release|Any CPU
	EndGlobalSection
	GlobalSection(ProjectConfigurationPlatforms) = postSolution
		{121A49BC-4EC6-4BF6-A8E6-B72F773EF479}.Debug|Any CPU.ActiveCfg = Debug|Any CPU
		{121A49BC-4EC6-4BF6-A8E6-B72F773EF479}.Debug|Any CPU.Build.0 = Debug|Any CPU
		{121A49BC-4EC6-4BF6-A8E6-B72F773EF479}.Release|Any CPU.ActiveCfg = Release|Any CPU
		{121A49BC-4EC6-4BF6-A8E6-B72F773EF479}.Release|Any CPU.Build.0 = Release|Any CPU
	EndGlobalSection
	GlobalSection(SolutionProperties) = preSolution
		HideSolutionNode = FALSE
	EndGlobalSection
	GlobalSection(ExtensibilityGlobals) = postSolution
		SolutionGuid = {B2397DB5-B961-44DA-ADD4-6C81F4FB33F7}
	EndGlobalSection
EndGlobal
